
Microsoft Visual Studio Solution File, Format Version 12.00
# Visual Studio Version 17
VisualStudioVersion = 17.1.32328.378
MinimumVisualStudioVersion = 10.0.40219.1
Project("{FAE04EC0-301F-11D3-BF4B-00C04F79EFBC}") = "Day6_Logical_Programming", "Day6_Logical_Programming.csproj", "{033A2A95-635D-4697-B13F-897195A3A642}"
EndProject
Global
	GlobalSection(SolutionConfigurationPlatforms) = preSolution
		Debug|Any CPU = Debug|Any CPU
		Release|Any CPU = Release|Any CPU
	EndGlobalSection
	GlobalSection(ProjectConfigurationPlatforms) = postSolution
		{033A2A95-635D-4697-B13F-897195A3A642}.Debug|Any CPU.ActiveCfg = Debug|Any CPU
		{033A2A95-635D-4697-B13F-897195A3A642}.Debug|Any CPU.Build.0 = Debug|Any CPU
		{033A2A95-635D-4697-B13F-897195A3A642}.Release|Any CPU.ActiveCfg = Release|Any CPU
		{033A2A95-635D-4697-B13F-897195A3A642}.Release|Any CPU.Build.0 = Release|Any CPU
	EndGlobalSection
	GlobalSection(SolutionProperties) = preSolution
		HideSolutionNode = FALSE
	EndGlobalSection
	GlobalSection(ExtensibilityGlobals) = postSolution
		SolutionGuid = {175DFDC8-2A91-4027-B08E-A71572147BFC}
	EndGlobalSection
EndGlobal
